// !$*UTF8*$!
{
	archiveVersion = 1;
	classes = {
	};
	objectVersion = 46;
	objects = {

/* Begin PBXBuildFile section */
		4D8ECA5F1C0E816200C95AEB /* Username.swift in Sources */ = {isa = PBXBuildFile; fileRef = 4D8ECA5E1C0E816200C95AEB /* Username.swift */; };
		4DD663631C0E2B540031E667 /* AppDelegate.swift in Sources */ = {isa = PBXBuildFile; fileRef = 4DD663621C0E2B540031E667 /* AppDelegate.swift */; };
		4DD663681C0E2B540031E667 /* Main.storyboard in Resources */ = {isa = PBXBuildFile; fileRef = 4DD663661C0E2B540031E667 /* Main.storyboard */; };
		4DD6636A1C0E2B540031E667 /* Assets.xcassets in Resources */ = {isa = PBXBuildFile; fileRef = 4DD663691C0E2B540031E667 /* Assets.xcassets */; };
		4DD6636D1C0E2B540031E667 /* LaunchScreen.storyboard in Resources */ = {isa = PBXBuildFile; fileRef = 4DD6636B1C0E2B540031E667 /* LaunchScreen.storyboard */; };
		4DD663781C0E2B540031E667 /* MisFitiPadTests.swift in Sources */ = {isa = PBXBuildFile; fileRef = 4DD663771C0E2B540031E667 /* MisFitiPadTests.swift */; };
		4DD663831C0E2B540031E667 /* MisFitiPadUITests.swift in Sources */ = {isa = PBXBuildFile; fileRef = 4DD663821C0E2B540031E667 /* MisFitiPadUITests.swift */; };
		6BF21D5A1C0E342300CC916C /* MainViewController.swift in Sources */ = {isa = PBXBuildFile; fileRef = 6BF21D591C0E342300CC916C /* MainViewController.swift */; };
/* End PBXBuildFile section */

/* Begin PBXContainerItemProxy section */
		4DD663741C0E2B540031E667 /* PBXContainerItemProxy */ = {
			isa = PBXContainerItemProxy;
			containerPortal = 4DD663571C0E2B540031E667 /* Project object */;
			proxyType = 1;
			remoteGlobalIDString = 4DD6635E1C0E2B540031E667;
			remoteInfo = MisFitiPad;
		};
		4DD6637F1C0E2B540031E667 /* PBXContainerItemProxy */ = {
			isa = PBXContainerItemProxy;
			containerPortal = 4DD663571C0E2B540031E667 /* Project object */;
			proxyType = 1;
			remoteGlobalIDString = 4DD6635E1C0E2B540031E667;
			remoteInfo = MisFitiPad;
		};
/* End PBXContainerItemProxy section */

/* Begin PBXFileReference section */
		4D8ECA5E1C0E816200C95AEB /* Username.swift */ = {isa = PBXFileReference; fileEncoding = 4; lastKnownFileType = sourcecode.swift; path = Username.swift; sourceTree = "<group>"; };
		4DD6635F1C0E2B540031E667 /* MisFitiPad.app */ = {isa = PBXFileReference; explicitFileType = wrapper.application; includeInIndex = 0; path = MisFitiPad.app; sourceTree = BUILT_PRODUCTS_DIR; };
		4DD663621C0E2B540031E667 /* AppDelegate.swift */ = {isa = PBXFileReference; lastKnownFileType = sourcecode.swift; path = AppDelegate.swift; sourceTree = "<group>"; };
		4DD663671C0E2B540031E667 /* Base */ = {isa = PBXFileReference; lastKnownFileType = file.storyboard; name = Base; path = Base.lproj/Main.storyboard; sourceTree = "<group>"; };
		4DD663691C0E2B540031E667 /* Assets.xcassets */ = {isa = PBXFileReference; lastKnownFileType = folder.assetcatalog; path = Assets.xcassets; sourceTree = "<group>"; };
		4DD6636C1C0E2B540031E667 /* Base */ = {isa = PBXFileReference; lastKnownFileType = file.storyboard; name = Base; path = Base.lproj/LaunchScreen.storyboard; sourceTree = "<group>"; };
		4DD6636E1C0E2B540031E667 /* Info.plist */ = {isa = PBXFileReference; lastKnownFileType = text.plist.xml; path = Info.plist; sourceTree = "<group>"; };
		4DD663731C0E2B540031E667 /* MisFitiPadTests.xctest */ = {isa = PBXFileReference; explicitFileType = wrapper.cfbundle; includeInIndex = 0; path = MisFitiPadTests.xctest; sourceTree = BUILT_PRODUCTS_DIR; };
		4DD663771C0E2B540031E667 /* MisFitiPadTests.swift */ = {isa = PBXFileReference; lastKnownFileType = sourcecode.swift; path = MisFitiPadTests.swift; sourceTree = "<group>"; };
		4DD663791C0E2B540031E667 /* Info.plist */ = {isa = PBXFileReference; lastKnownFileType = text.plist.xml; path = Info.plist; sourceTree = "<group>"; };
		4DD6637E1C0E2B540031E667 /* MisFitiPadUITests.xctest */ = {isa = PBXFileReference; explicitFileType = wrapper.cfbundle; includeInIndex = 0; path = MisFitiPadUITests.xctest; sourceTree = BUILT_PRODUCTS_DIR; };
		4DD663821C0E2B540031E667 /* MisFitiPadUITests.swift */ = {isa = PBXFileReference; lastKnownFileType = sourcecode.swift; path = MisFitiPadUITests.swift; sourceTree = "<group>"; };
		4DD663841C0E2B540031E667 /* Info.plist */ = {isa = PBXFileReference; lastKnownFileType = text.plist.xml; path = Info.plist; sourceTree = "<group>"; };
		6BF21D591C0E342300CC916C /* MainViewController.swift */ = {isa = PBXFileReference; fileEncoding = 4; lastKnownFileType = sourcecode.swift; path = MainViewController.swift; sourceTree = "<group>"; };
/* End PBXFileReference section */

/* Begin PBXFrameworksBuildPhase section */
		4DD6635C1C0E2B540031E667 /* Frameworks */ = {
			isa = PBXFrameworksBuildPhase;
			buildActionMask = 2147483647;
			files = (
			);
			runOnlyForDeploymentPostprocessing = 0;
		};
		4DD663701C0E2B540031E667 /* Frameworks */ = {
			isa = PBXFrameworksBuildPhase;
			buildActionMask = 2147483647;
			files = (
			);
			runOnlyForDeploymentPostprocessing = 0;
		};
		4DD6637B1C0E2B540031E667 /* Frameworks */ = {
			isa = PBXFrameworksBuildPhase;
			buildActionMask = 2147483647;
			files = (
			);
			runOnlyForDeploymentPostprocessing = 0;
		};
/* End PBXFrameworksBuildPhase section */

/* Begin PBXGroup section */
		4D8ECA5D1C0E812C00C95AEB /* Presenters */ = {
			isa = PBXGroup;
			children = (
				4D8ECA5E1C0E816200C95AEB /* Username.swift */,
			);
			path = Presenters;
			sourceTree = "<group>";
		};
		4DD663561C0E2B540031E667 = {
			isa = PBXGroup;
			children = (
				4DD663611C0E2B540031E667 /* MisFitiPad */,
				4DD663761C0E2B540031E667 /* MisFitiPadTests */,
				4DD663811C0E2B540031E667 /* MisFitiPadUITests */,
				4DD663601C0E2B540031E667 /* Products */,
			);
			sourceTree = "<group>";
		};
		4DD663601C0E2B540031E667 /* Products */ = {
			isa = PBXGroup;
			children = (
				4DD6635F1C0E2B540031E667 /* MisFitiPad.app */,
				4DD663731C0E2B540031E667 /* MisFitiPadTests.xctest */,
				4DD6637E1C0E2B540031E667 /* MisFitiPadUITests.xctest */,
			);
			name = Products;
			sourceTree = "<group>";
		};
		4DD663611C0E2B540031E667 /* MisFitiPad */ = {
			isa = PBXGroup;
			children = (
				4D8ECA5D1C0E812C00C95AEB /* Presenters */,
				6BF21D581C0E331600CC916C /* MisFitUI */,
				4DD663621C0E2B540031E667 /* AppDelegate.swift */,
				4DD663691C0E2B540031E667 /* Assets.xcassets */,
				4DD6636B1C0E2B540031E667 /* LaunchScreen.storyboard */,
				4DD6636E1C0E2B540031E667 /* Info.plist */,
			);
			path = MisFitiPad;
			sourceTree = "<group>";
		};
		4DD663761C0E2B540031E667 /* MisFitiPadTests */ = {
			isa = PBXGroup;
			children = (
				4DD663771C0E2B540031E667 /* MisFitiPadTests.swift */,
				4DD663791C0E2B540031E667 /* Info.plist */,
			);
			path = MisFitiPadTests;
			sourceTree = "<group>";
		};
		4DD663811C0E2B540031E667 /* MisFitiPadUITests */ = {
			isa = PBXGroup;
			children = (
				4DD663821C0E2B540031E667 /* MisFitiPadUITests.swift */,
				4DD663841C0E2B540031E667 /* Info.plist */,
			);
			path = MisFitiPadUITests;
			sourceTree = "<group>";
		};
		6BF21D581C0E331600CC916C /* MisFitUI */ = {
			isa = PBXGroup;
			children = (
				4DD663661C0E2B540031E667 /* Main.storyboard */,
				6BF21D5B1C0E343C00CC916C /* MisFit_View_Controllers */,
			);
			name = MisFitUI;
			path = ../MisFitUI;
			sourceTree = "<group>";
		};
		6BF21D5B1C0E343C00CC916C /* MisFit_View_Controllers */ = {
			isa = PBXGroup;
			children = (
				6BF21D591C0E342300CC916C /* MainViewController.swift */,
			);
			path = MisFit_View_Controllers;
			sourceTree = "<group>";
		};
/* End PBXGroup section */

/* Begin PBXNativeTarget section */
		4DD6635E1C0E2B540031E667 /* MisFitiPad */ = {
			isa = PBXNativeTarget;
			buildConfigurationList = 4DD663871C0E2B540031E667 /* Build configuration list for PBXNativeTarget "MisFitiPad" */;
			buildPhases = (
				4DD6635B1C0E2B540031E667 /* Sources */,
				4DD6635C1C0E2B540031E667 /* Frameworks */,
				4DD6635D1C0E2B540031E667 /* Resources */,
			);
			buildRules = (
			);
			dependencies = (
			);
			name = MisFitiPad;
			productName = MisFitiPad;
			productReference = 4DD6635F1C0E2B540031E667 /* MisFitiPad.app */;
			productType = "com.apple.product-type.application";
		};
		4DD663721C0E2B540031E667 /* MisFitiPadTests */ = {
			isa = PBXNativeTarget;
			buildConfigurationList = 4DD6638A1C0E2B540031E667 /* Build configuration list for PBXNativeTarget "MisFitiPadTests" */;
			buildPhases = (
				4DD6636F1C0E2B540031E667 /* Sources */,
				4DD663701C0E2B540031E667 /* Frameworks */,
				4DD663711C0E2B540031E667 /* Resources */,
			);
			buildRules = (
			);
			dependencies = (
				4DD663751C0E2B540031E667 /* PBXTargetDependency */,
			);
			name = MisFitiPadTests;
			productName = MisFitiPadTests;
			productReference = 4DD663731C0E2B540031E667 /* MisFitiPadTests.xctest */;
			productType = "com.apple.product-type.bundle.unit-test";
		};
		4DD6637D1C0E2B540031E667 /* MisFitiPadUITests */ = {
			isa = PBXNativeTarget;
			buildConfigurationList = 4DD6638D1C0E2B540031E667 /* Build configuration list for PBXNativeTarget "MisFitiPadUITests" */;
			buildPhases = (
				4DD6637A1C0E2B540031E667 /* Sources */,
				4DD6637B1C0E2B540031E667 /* Frameworks */,
				4DD6637C1C0E2B540031E667 /* Resources */,
			);
			buildRules = (
			);
			dependencies = (
				4DD663801C0E2B540031E667 /* PBXTargetDependency */,
			);
			name = MisFitiPadUITests;
			productName = MisFitiPadUITests;
			productReference = 4DD6637E1C0E2B540031E667 /* MisFitiPadUITests.xctest */;
			productType = "com.apple.product-type.bundle.ui-testing";
		};
/* End PBXNativeTarget section */

/* Begin PBXProject section */
		4DD663571C0E2B540031E667 /* Project object */ = {
			isa = PBXProject;
			attributes = {
				LastSwiftUpdateCheck = 0710;
				LastUpgradeCheck = 0710;
				ORGANIZATIONNAME = "Jonathan Green";
				TargetAttributes = {
					4DD6635E1C0E2B540031E667 = {
						CreatedOnToolsVersion = 7.1;
					};
					4DD663721C0E2B540031E667 = {
						CreatedOnToolsVersion = 7.1;
						TestTargetID = 4DD6635E1C0E2B540031E667;
					};
					4DD6637D1C0E2B540031E667 = {
						CreatedOnToolsVersion = 7.1;
						TestTargetID = 4DD6635E1C0E2B540031E667;
					};
				};
			};
			buildConfigurationList = 4DD6635A1C0E2B540031E667 /* Build configuration list for PBXProject "MisFitiPad" */;
			compatibilityVersion = "Xcode 3.2";
			developmentRegion = English;
			hasScannedForEncodings = 0;
			knownRegions = (
				en,
				Base,
			);
			mainGroup = 4DD663561C0E2B540031E667;
			productRefGroup = 4DD663601C0E2B540031E667 /* Products */;
			projectDirPath = "";
			projectRoot = "";
			targets = (
				4DD6635E1C0E2B540031E667 /* MisFitiPad */,
				4DD663721C0E2B540031E667 /* MisFitiPadTests */,
				4DD6637D1C0E2B540031E667 /* MisFitiPadUITests */,
			);
		};
/* End PBXProject section */

/* Begin PBXResourcesBuildPhase section */
		4DD6635D1C0E2B540031E667 /* Resources */ = {
			isa = PBXResourcesBuildPhase;
			buildActionMask = 2147483647;
			files = (
				4DD6636D1C0E2B540031E667 /* LaunchScreen.storyboard in Resources */,
				4DD6636A1C0E2B540031E667 /* Assets.xcassets in Resources */,
				4DD663681C0E2B540031E667 /* Main.storyboard in Resources */,
			);
			runOnlyForDeploymentPostprocessing = 0;
		};
		4DD663711C0E2B540031E667 /* Resources */ = {
			isa = PBXResourcesBuildPhase;
			buildActionMask = 2147483647;
			files = (
			);
			runOnlyForDeploymentPostprocessing = 0;
		};
		4DD6637C1C0E2B540031E667 /* Resources */ = {
			isa = PBXResourcesBuildPhase;
			buildActionMask = 2147483647;
			files = (
			);
			runOnlyForDeploymentPostprocessing = 0;
		};
/* End PBXResourcesBuildPhase section */

/* Begin PBXSourcesBuildPhase section */
		4DD6635B1C0E2B540031E667 /* Sources */ = {
			isa = PBXSourcesBuildPhase;
			buildActionMask = 2147483647;
			files = (
				4DD663631C0E2B540031E667 /* AppDelegate.swift in Sources */,
				4D8ECA5F1C0E816200C95AEB /* Username.swift in Sources */,
				6BF21D5A1C0E342300CC916C /* MainViewController.swift in Sources */,
			);
			runOnlyForDeploymentPostprocessing = 0;
		};
		4DD6636F1C0E2B540031E667 /* Sources */ = {
			isa = PBXSourcesBuildPhase;
			buildActionMask = 2147483647;
			files = (
				4DD663781C0E2B540031E667 /* MisFitiPadTests.swift in Sources */,
			);
			runOnlyForDeploymentPostprocessing = 0;
		};
		4DD6637A1C0E2B540031E667 /* Sources */ = {
			isa = PBXSourcesBuildPhase;
			buildActionMask = 2147483647;
			files = (
				4DD663831C0E2B540031E667 /* MisFitiPadUITests.swift in Sources */,
			);
			runOnlyForDeploymentPostprocessing = 0;
		};
/* End PBXSourcesBuildPhase section */

/* Begin PBXTargetDependency section */
		4DD663751C0E2B540031E667 /* PBXTargetDependency */ = {
			isa = PBXTargetDependency;
			target = 4DD6635E1C0E2B540031E667 /* MisFitiPad */;
			targetProxy = 4DD663741C0E2B540031E667 /* PBXContainerItemProxy */;
		};
		4DD663801C0E2B540031E667 /* PBXTargetDependency */ = {
			isa = PBXTargetDependency;
			target = 4DD6635E1C0E2B540031E667 /* MisFitiPad */;
			targetProxy = 4DD6637F1C0E2B540031E667 /* PBXContainerItemProxy */;
		};
/* End PBXTargetDependency section */

/* Begin PBXVariantGroup section */
		4DD663661C0E2B540031E667 /* Main.storyboard */ = {
			isa = PBXVariantGroup;
			children = (
				4DD663671C0E2B540031E667 /* Base */,
			);
			name = Main.storyboard;
			path = ../MisFitiPad;
			sourceTree = "<group>";
		};
		4DD6636B1C0E2B540031E667 /* LaunchScreen.storyboard */ = {
			isa = PBXVariantGroup;
			children = (
				4DD6636C1C0E2B540031E667 /* Base */,
			);
			name = LaunchScreen.storyboard;
			sourceTree = "<group>";
		};
/* End PBXVariantGroup section */

/* Begin XCBuildConfiguration section */
		4DD663851C0E2B540031E667 /* Debug */ = {
			isa = XCBuildConfiguration;
			buildSettings = {
				ALWAYS_SEARCH_USER_PATHS = NO;
				CLANG_CXX_LANGUAGE_STANDARD = "gnu++0x";
				CLANG_CXX_LIBRARY = "libc++";
				CLANG_ENABLE_MODULES = YES;
				CLANG_ENABLE_OBJC_ARC = YES;
				CLANG_WARN_BOOL_CONVERSION = YES;
				CLANG_WARN_CONSTANT_CONVERSION = YES;
				CLANG_WARN_DIRECT_OBJC_ISA_USAGE = YES_ERROR;
				CLANG_WARN_EMPTY_BODY = YES;
				CLANG_WARN_ENUM_CONVERSION = YES;
				CLANG_WARN_INT_CONVERSION = YES;
				CLANG_WARN_OBJC_ROOT_CLASS = YES_ERROR;
				CLANG_WARN_UNREACHABLE_CODE = YES;
				CLANG_WARN__DUPLICATE_METHOD_MATCH = YES;
				"CODE_SIGN_IDENTITY[sdk=iphoneos*]" = "iPhone Developer";
				COPY_PHASE_STRIP = NO;
				DEBUG_INFORMATION_FORMAT = dwarf;
				ENABLE_STRICT_OBJC_MSGSEND = YES;
				ENABLE_TESTABILITY = YES;
				GCC_C_LANGUAGE_STANDARD = gnu99;
				GCC_DYNAMIC_NO_PIC = NO;
				GCC_NO_COMMON_BLOCKS = YES;
				GCC_OPTIMIZATION_LEVEL = 0;
				GCC_PREPROCESSOR_DEFINITIONS = (
					"DEBUG=1",
					"$(inherited)",
				);
				GCC_WARN_64_TO_32_BIT_CONVERSION = YES;
				GCC_WARN_ABOUT_RETURN_TYPE = YES_ERROR;
				GCC_WARN_UNDECLARED_SELECTOR = YES;
				GCC_WARN_UNINITIALIZED_AUTOS = YES_AGGRESSIVE;
				GCC_WARN_UNUSED_FUNCTION = YES;
				GCC_WARN_UNUSED_VARIABLE = YES;
				IPHONEOS_DEPLOYMENT_TARGET = 9.1;
				MTL_ENABLE_DEBUG_INFO = YES;
				ONLY_ACTIVE_ARCH = YES;
				SDKROOT = iphoneos;
				SWIFT_OPTIMIZATION_LEVEL = "-Onone";
				TARGETED_DEVICE_FAMILY = 2;
			};
			name = Debug;
		};
		4DD663861C0E2B540031E667 /* Release */ = {
			isa = XCBuildConfiguration;
			buildSettings = {
				ALWAYS_SEARCH_USER_PATHS = NO;
				CLANG_CXX_LANGUAGE_STANDARD = "gnu++0x";
				CLANG_CXX_LIBRARY = "libc++";
				CLANG_ENABLE_MODULES = YES;
				CLANG_ENABLE_OBJC_ARC = YES;
				CLANG_WARN_BOOL_CONVERSION = YES;
				CLANG_WARN_CONSTANT_CONVERSION = YES;
				CLANG_WARN_DIRECT_OBJC_ISA_USAGE = YES_ERROR;
				CLANG_WARN_EMPTY_BODY = YES;
				CLANG_WARN_ENUM_CONVERSION = YES;
				CLANG_WARN_INT_CONVERSION = YES;
				CLANG_WARN_OBJC_ROOT_CLASS = YES_ERROR;
				CLANG_WARN_UNREACHABLE_CODE = YES;
				CLANG_WARN__DUPLICATE_METHOD_MATCH = YES;
				"CODE_SIGN_IDENTITY[sdk=iphoneos*]" = "iPhone Developer";
				COPY_PHASE_STRIP = NO;
				DEBUG_INFORMATION_FORMAT = "dwarf-with-dsym";
				ENABLE_NS_ASSERTIONS = NO;
				ENABLE_STRICT_OBJC_MSGSEND = YES;
				GCC_C_LANGUAGE_STANDARD = gnu99;
				GCC_NO_COMMON_BLOCKS = YES;
				GCC_WARN_64_TO_32_BIT_CONVERSION = YES;
				GCC_WARN_ABOUT_RETURN_TYPE = YES_ERROR;
				GCC_WARN_UNDECLARED_SELECTOR = YES;
				GCC_WARN_UNINITIALIZED_AUTOS = YES_AGGRESSIVE;
				GCC_WARN_UNUSED_FUNCTION = YES;
				GCC_WARN_UNUSED_VARIABLE = YES;
				IPHONEOS_DEPLOYMENT_TARGET = 9.1;
				MTL_ENABLE_DEBUG_INFO = NO;
				SDKROOT = iphoneos;
				TARGETED_DEVICE_FAMILY = 2;
				VALIDATE_PRODUCT = YES;
			};
			name = Release;
		};
		4DD663881C0E2B540031E667 /* Debug */ = {
			isa = XCBuildConfiguration;
			buildSettings = {
				ASSETCATALOG_COMPILER_APPICON_NAME = AppIcon;
				INFOPLIST_FILE = MisFitiPad/Info.plist;
				LD_RUNPATH_SEARCH_PATHS = "$(inherited) @executable_path/Frameworks";
				PRODUCT_BUNDLE_IDENTIFIER = com.MIsFit.MisFitiPad;
				PRODUCT_NAME = "$(TARGET_NAME)";
			};
			name = Debug;
		};
		4DD663891C0E2B540031E667 /* Release */ = {
			isa = XCBuildConfiguration;
			buildSettings = {
				ASSETCATALOG_COMPILER_APPICON_NAME = AppIcon;
				INFOPLIST_FILE = MisFitiPad/Info.plist;
				LD_RUNPATH_SEARCH_PATHS = "$(inherited) @executable_path/Frameworks";
				PRODUCT_BUNDLE_IDENTIFIER = com.MIsFit.MisFitiPad;
				PRODUCT_NAME = "$(TARGET_NAME)";
			};
			name = Release;
		};
		4DD6638B1C0E2B540031E667 /* Debug */ = {
			isa = XCBuildConfiguration;
			buildSettings = {
				BUNDLE_LOADER = "$(TEST_HOST)";
				INFOPLIST_FILE = MisFitiPadTests/Info.plist;
				LD_RUNPATH_SEARCH_PATHS = "$(inherited) @executable_path/Frameworks @loader_path/Frameworks";
				PRODUCT_BUNDLE_IDENTIFIER = com.MIsFit.MisFitiPadTests;
				PRODUCT_NAME = "$(TARGET_NAME)";
				TEST_HOST = "$(BUILT_PRODUCTS_DIR)/MisFitiPad.app/MisFitiPad";
			};
			name = Debug;
		};
		4DD6638C1C0E2B540031E667 /* Release */ = {
			isa = XCBuildConfiguration;
			buildSettings = {
				BUNDLE_LOADER = "$(TEST_HOST)";
				INFOPLIST_FILE = MisFitiPadTests/Info.plist;
				LD_RUNPATH_SEARCH_PATHS = "$(inherited) @executable_path/Frameworks @loader_path/Frameworks";
				PRODUCT_BUNDLE_IDENTIFIER = com.MIsFit.MisFitiPadTests;
				PRODUCT_NAME = "$(TARGET_NAME)";
				TEST_HOST = "$(BUILT_PRODUCTS_DIR)/MisFitiPad.app/MisFitiPad";
			};
			name = Release;
		};
		4DD6638E1C0E2B540031E667 /* Debug */ = {
			isa = XCBuildConfiguration;
			buildSettings = {
				INFOPLIST_FILE = MisFitiPadUITests/Info.plist;
				LD_RUNPATH_SEARCH_PATHS = "$(inherited) @executable_path/Frameworks @loader_path/Frameworks";
				PRODUCT_BUNDLE_IDENTIFIER = com.MIsFit.MisFitiPadUITests;
				PRODUCT_NAME = "$(TARGET_NAME)";
				TEST_TARGET_NAME = MisFitiPad;
				USES_XCTRUNNER = YES;
			};
			name = Debug;
		};
		4DD6638F1C0E2B540031E667 /* Release */ = {
			isa = XCBuildConfiguration;
			buildSettings = {
				INFOPLIST_FILE = MisFitiPadUITests/Info.plist;
				LD_RUNPATH_SEARCH_PATHS = "$(inherited) @executable_path/Frameworks @loader_path/Frameworks";
				PRODUCT_BUNDLE_IDENTIFIER = com.MIsFit.MisFitiPadUITests;
				PRODUCT_NAME = "$(TARGET_NAME)";
				TEST_TARGET_NAME = MisFitiPad;
				USES_XCTRUNNER = YES;
			};
			name = Release;
		};
/* End XCBuildConfiguration section */

/* Begin XCConfigurationList section */
		4DD6635A1C0E2B540031E667 /* Build configuration list for PBXProject "MisFitiPad" */ = {
			isa = XCConfigurationList;
			buildConfigurations = (
				4DD663851C0E2B540031E667 /* Debug */,
				4DD663861C0E2B540031E667 /* Release */,
			);
			defaultConfigurationIsVisible = 0;
			defaultConfigurationName = Release;
		};
		4DD663871C0E2B540031E667 /* Build configuration list for PBXNativeTarget "MisFitiPad" */ = {
			isa = XCConfigurationList;
			buildConfigurations = (
				4DD663881C0E2B540031E667 /* Debug */,
				4DD663891C0E2B540031E667 /* Release */,
			);
			defaultConfigurationIsVisible = 0;
			defaultConfigurationName = Release;
		};
		4DD6638A1C0E2B540031E667 /* Build configuration list for PBXNativeTarget "MisFitiPadTests" */ = {
			isa = XCConfigurationList;
			buildConfigurations = (
				4DD6638B1C0E2B540031E667 /* Debug */,
				4DD6638C1C0E2B540031E667 /* Release */,
			);
			defaultConfigurationIsVisible = 0;
			defaultConfigurationName = Release;
		};
		4DD6638D1C0E2B540031E667 /* Build configuration list for PBXNativeTarget "MisFitiPadUITests" */ = {
			isa = XCConfigurationList;
			buildConfigurations = (
				4DD6638E1C0E2B540031E667 /* Debug */,
				4DD6638F1C0E2B540031E667 /* Release */,
			);
			defaultConfigurationIsVisible = 0;
			defaultConfigurationName = Release;
		};
/* End XCConfigurationList section */
	};
	rootObject = 4DD663571C0E2B540031E667 /* Project object */;
}
